
Microsoft Visual Studio Solution File, Format Version 12.00
# Visual Studio Version 17
VisualStudioVersion = 17.12.35527.113 d17.12
MinimumVisualStudioVersion = 10.0.40219.1
Project("{FAE04EC0-301F-11D3-BF4B-00C04F79EFBC}") = "Listener", "Listener\Listener.csproj", "{FE9B3FCB-68BF-4548-B1E9-4FE92A743122}"
EndProject
Project("{FAE04EC0-301F-11D3-BF4B-00C04F79EFBC}") = "Client", "Client\Client.csproj", "{C7770386-5CE2-4E83-A0EB-CDB2C233BA01}"
EndProject
Global
	GlobalSection(SolutionConfigurationPlatforms) = preSolution
		Debug|Any CPU = Debug|Any CPU
		Release|Any CPU = Release|Any CPU
	EndGlobalSection
	GlobalSection(ProjectConfigurationPlatforms) = postSolution
		{FE9B3FCB-68BF-4548-B1E9-4FE92A743122}.Debug|Any CPU.ActiveCfg = Debug|Any CPU
		{FE9B3FCB-68BF-4548-B1E9-4FE92A743122}.Debug|Any CPU.Build.0 = Debug|Any CPU
		{FE9B3FCB-68BF-4548-B1E9-4FE92A743122}.Release|Any CPU.ActiveCfg = Release|Any CPU
		{FE9B3FCB-68BF-4548-B1E9-4FE92A743122}.Release|Any CPU.Build.0 = Release|Any CPU
		{C7770386-5CE2-4E83-A0EB-CDB2C233BA01}.Debug|Any CPU.ActiveCfg = Debug|Any CPU
		{C7770386-5CE2-4E83-A0EB-CDB2C233BA01}.Debug|Any CPU.Build.0 = Debug|Any CPU
		{C7770386-5CE2-4E83-A0EB-CDB2C233BA01}.Release|Any CPU.ActiveCfg = Release|Any CPU
		{C7770386-5CE2-4E83-A0EB-CDB2C233BA01}.Release|Any CPU.Build.0 = Release|Any CPU
	EndGlobalSection
	GlobalSection(SolutionProperties) = preSolution
		HideSolutionNode = FALSE
	EndGlobalSection
EndGlobal
